// !$*UTF8*$!
{
	archiveVersion = 1;
	classes = {
	};
	objectVersion = 46;
	objects = {

/* Begin PBXBuildFile section */
		413CBF381A827FB900CC8BB8 /* AppDelegate.swift in Sources */ = {isa = PBXBuildFile; fileRef = 413CBF371A827FB900CC8BB8 /* AppDelegate.swift */; };
		413CBF3A1A827FB900CC8BB8 /* ViewController.swift in Sources */ = {isa = PBXBuildFile; fileRef = 413CBF391A827FB900CC8BB8 /* ViewController.swift */; };
		413CBF3D1A827FB900CC8BB8 /* Main.storyboard in Resources */ = {isa = PBXBuildFile; fileRef = 413CBF3B1A827FB900CC8BB8 /* Main.storyboard */; };
		413CBF3F1A827FB900CC8BB8 /* Images.xcassets in Resources */ = {isa = PBXBuildFile; fileRef = 413CBF3E1A827FB900CC8BB8 /* Images.xcassets */; };
		413CBF421A827FB900CC8BB8 /* LaunchScreen.xib in Resources */ = {isa = PBXBuildFile; fileRef = 413CBF401A827FB900CC8BB8 /* LaunchScreen.xib */; };
		413CBF4E1A827FBA00CC8BB8 /* contacts_tutorialTests.swift in Sources */ = {isa = PBXBuildFile; fileRef = 413CBF4D1A827FBA00CC8BB8 /* contacts_tutorialTests.swift */; };
		413CBF581A827FD500CC8BB8 /* AddressBook.framework in Frameworks */ = {isa = PBXBuildFile; fileRef = 413CBF571A827FD500CC8BB8 /* AddressBook.framework */; };
		413CBF5A1A827FDC00CC8BB8 /* AddressBookUI.framework in Frameworks */ = {isa = PBXBuildFile; fileRef = 413CBF591A827FDC00CC8BB8 /* AddressBookUI.framework */; };
		41A358321A87522D0010DA11 /* SwiftAddressBookWrapper.swift in Sources */ = {isa = PBXBuildFile; fileRef = 41A358311A87522D0010DA11 /* SwiftAddressBookWrapper.swift */; };
/* End PBXBuildFile section */

/* Begin PBXContainerItemProxy section */
		413CBF481A827FB900CC8BB8 /* PBXContainerItemProxy */ = {
			isa = PBXContainerItemProxy;
			containerPortal = 413CBF2A1A827FB900CC8BB8 /* Project object */;
			proxyType = 1;
			remoteGlobalIDString = 413CBF311A827FB900CC8BB8;
			remoteInfo = contacts_tutorial;
		};
/* End PBXContainerItemProxy section */

/* Begin PBXFileReference section */
		413CBF321A827FB900CC8BB8 /* contacts_tutorial.app */ = {isa = PBXFileReference; explicitFileType = wrapper.application; includeInIndex = 0; path = contacts_tutorial.app; sourceTree = BUILT_PRODUCTS_DIR; };
		413CBF361A827FB900CC8BB8 /* Info.plist */ = {isa = PBXFileReference; lastKnownFileType = text.plist.xml; path = Info.plist; sourceTree = "<group>"; };
		413CBF371A827FB900CC8BB8 /* AppDelegate.swift */ = {isa = PBXFileReference; lastKnownFileType = sourcecode.swift; path = AppDelegate.swift; sourceTree = "<group>"; };
		413CBF391A827FB900CC8BB8 /* ViewController.swift */ = {isa = PBXFileReference; lastKnownFileType = sourcecode.swift; path = ViewController.swift; sourceTree = "<group>"; };
		413CBF3C1A827FB900CC8BB8 /* Base */ = {isa = PBXFileReference; lastKnownFileType = file.storyboard; name = Base; path = Base.lproj/Main.storyboard; sourceTree = "<group>"; };
		413CBF3E1A827FB900CC8BB8 /* Images.xcassets */ = {isa = PBXFileReference; lastKnownFileType = folder.assetcatalog; path = Images.xcassets; sourceTree = "<group>"; };
		413CBF411A827FB900CC8BB8 /* Base */ = {isa = PBXFileReference; lastKnownFileType = file.xib; name = Base; path = Base.lproj/LaunchScreen.xib; sourceTree = "<group>"; };
		413CBF471A827FB900CC8BB8 /* contacts_tutorialTests.xctest */ = {isa = PBXFileReference; explicitFileType = wrapper.cfbundle; includeInIndex = 0; path = contacts_tutorialTests.xctest; sourceTree = BUILT_PRODUCTS_DIR; };
		413CBF4C1A827FBA00CC8BB8 /* Info.plist */ = {isa = PBXFileReference; lastKnownFileType = text.plist.xml; path = Info.plist; sourceTree = "<group>"; };
		413CBF4D1A827FBA00CC8BB8 /* contacts_tutorialTests.swift */ = {isa = PBXFileReference; lastKnownFileType = sourcecode.swift; path = contacts_tutorialTests.swift; sourceTree = "<group>"; };
		413CBF571A827FD500CC8BB8 /* AddressBook.framework */ = {isa = PBXFileReference; lastKnownFileType = wrapper.framework; name = AddressBook.framework; path = System/Library/Frameworks/AddressBook.framework; sourceTree = SDKROOT; };
		413CBF591A827FDC00CC8BB8 /* AddressBookUI.framework */ = {isa = PBXFileReference; lastKnownFileType = wrapper.framework; name = AddressBookUI.framework; path = System/Library/Frameworks/AddressBookUI.framework; sourceTree = SDKROOT; };
		41A358311A87522D0010DA11 /* SwiftAddressBookWrapper.swift */ = {isa = PBXFileReference; fileEncoding = 4; lastKnownFileType = sourcecode.swift; path = SwiftAddressBookWrapper.swift; sourceTree = "<group>"; };
/* End PBXFileReference section */

/* Begin PBXFrameworksBuildPhase section */
		413CBF2F1A827FB900CC8BB8 /* Frameworks */ = {
			isa = PBXFrameworksBuildPhase;
			buildActionMask = 2147483647;
			files = (
				413CBF5A1A827FDC00CC8BB8 /* AddressBookUI.framework in Frameworks */,
				413CBF581A827FD500CC8BB8 /* AddressBook.framework in Frameworks */,
			);
			runOnlyForDeploymentPostprocessing = 0;
		};
		413CBF441A827FB900CC8BB8 /* Frameworks */ = {
			isa = PBXFrameworksBuildPhase;
			buildActionMask = 2147483647;
			files = (
			);
			runOnlyForDeploymentPostprocessing = 0;
		};
/* End PBXFrameworksBuildPhase section */

/* Begin PBXGroup section */
		413CBF291A827FB900CC8BB8 = {
			isa = PBXGroup;
			children = (
				413CBF591A827FDC00CC8BB8 /* AddressBookUI.framework */,
				413CBF571A827FD500CC8BB8 /* AddressBook.framework */,
				413CBF341A827FB900CC8BB8 /* contacts_tutorial */,
				413CBF4A1A827FBA00CC8BB8 /* contacts_tutorialTests */,
				413CBF331A827FB900CC8BB8 /* Products */,
			);
			sourceTree = "<group>";
		};
		413CBF331A827FB900CC8BB8 /* Products */ = {
			isa = PBXGroup;
			children = (
				413CBF321A827FB900CC8BB8 /* contacts_tutorial.app */,
				413CBF471A827FB900CC8BB8 /* contacts_tutorialTests.xctest */,
			);
			name = Products;
			sourceTree = "<group>";
		};
		413CBF341A827FB900CC8BB8 /* contacts_tutorial */ = {
			isa = PBXGroup;
			children = (
				41A358311A87522D0010DA11 /* SwiftAddressBookWrapper.swift */,
				413CBF371A827FB900CC8BB8 /* AppDelegate.swift */,
				413CBF391A827FB900CC8BB8 /* ViewController.swift */,
				413CBF3B1A827FB900CC8BB8 /* Main.storyboard */,
				413CBF3E1A827FB900CC8BB8 /* Images.xcassets */,
				413CBF401A827FB900CC8BB8 /* LaunchScreen.xib */,
				413CBF351A827FB900CC8BB8 /* Supporting Files */,
			);
			path = contacts_tutorial;
			sourceTree = "<group>";
		};
		413CBF351A827FB900CC8BB8 /* Supporting Files */ = {
			isa = PBXGroup;
			children = (
				413CBF361A827FB900CC8BB8 /* Info.plist */,
			);
			name = "Supporting Files";
			sourceTree = "<group>";
		};
		413CBF4A1A827FBA00CC8BB8 /* contacts_tutorialTests */ = {
			isa = PBXGroup;
			children = (
				413CBF4D1A827FBA00CC8BB8 /* contacts_tutorialTests.swift */,
				413CBF4B1A827FBA00CC8BB8 /* Supporting Files */,
			);
			path = contacts_tutorialTests;
			sourceTree = "<group>";
		};
		413CBF4B1A827FBA00CC8BB8 /* Supporting Files */ = {
			isa = PBXGroup;
			children = (
				413CBF4C1A827FBA00CC8BB8 /* Info.plist */,
			);
			name = "Supporting Files";
			sourceTree = "<group>";
		};
/* End PBXGroup section */

/* Begin PBXNativeTarget section */
		413CBF311A827FB900CC8BB8 /* contacts_tutorial */ = {
			isa = PBXNativeTarget;
			buildConfigurationList = 413CBF511A827FBA00CC8BB8 /* Build configuration list for PBXNativeTarget "contacts_tutorial" */;
			buildPhases = (
				413CBF2E1A827FB900CC8BB8 /* Sources */,
				413CBF2F1A827FB900CC8BB8 /* Frameworks */,
				413CBF301A827FB900CC8BB8 /* Resources */,
			);
			buildRules = (
			);
			dependencies = (
			);
			name = contacts_tutorial;
			productName = contacts_tutorial;
			productReference = 413CBF321A827FB900CC8BB8 /* contacts_tutorial.app */;
			productType = "com.apple.product-type.application";
		};
		413CBF461A827FB900CC8BB8 /* contacts_tutorialTests */ = {
			isa = PBXNativeTarget;
			buildConfigurationList = 413CBF541A827FBA00CC8BB8 /* Build configuration list for PBXNativeTarget "contacts_tutorialTests" */;
			buildPhases = (
				413CBF431A827FB900CC8BB8 /* Sources */,
				413CBF441A827FB900CC8BB8 /* Frameworks */,
				413CBF451A827FB900CC8BB8 /* Resources */,
			);
			buildRules = (
			);
			dependencies = (
				413CBF491A827FB900CC8BB8 /* PBXTargetDependency */,
			);
			name = contacts_tutorialTests;
			productName = contacts_tutorialTests;
			productReference = 413CBF471A827FB900CC8BB8 /* contacts_tutorialTests.xctest */;
			productType = "com.apple.product-type.bundle.unit-test";
		};
/* End PBXNativeTarget section */

/* Begin PBXProject section */
		413CBF2A1A827FB900CC8BB8 /* Project object */ = {
			isa = PBXProject;
			attributes = {
				LastUpgradeCheck = 0610;
				ORGANIZATIONNAME = "Prashanth Ds";
				TargetAttributes = {
					413CBF311A827FB900CC8BB8 = {
						CreatedOnToolsVersion = 6.1;
					};
					413CBF461A827FB900CC8BB8 = {
						CreatedOnToolsVersion = 6.1;
						TestTargetID = 413CBF311A827FB900CC8BB8;
					};
				};
			};
			buildConfigurationList = 413CBF2D1A827FB900CC8BB8 /* Build configuration list for PBXProject "contacts_tutorial" */;
			compatibilityVersion = "Xcode 3.2";
			developmentRegion = English;
			hasScannedForEncodings = 0;
			knownRegions = (
				en,
				Base,
			);
			mainGroup = 413CBF291A827FB900CC8BB8;
			productRefGroup = 413CBF331A827FB900CC8BB8 /* Products */;
			projectDirPath = "";
			projectRoot = "";
			targets = (
				413CBF311A827FB900CC8BB8 /* contacts_tutorial */,
				413CBF461A827FB900CC8BB8 /* contacts_tutorialTests */,
			);
		};
/* End PBXProject section */

/* Begin PBXResourcesBuildPhase section */
		413CBF301A827FB900CC8BB8 /* Resources */ = {
			isa = PBXResourcesBuildPhase;
			buildActionMask = 2147483647;
			files = (
				413CBF3D1A827FB900CC8BB8 /* Main.storyboard in Resources */,
				413CBF421A827FB900CC8BB8 /* LaunchScreen.xib in Resources */,
				413CBF3F1A827FB900CC8BB8 /* Images.xcassets in Resources */,
			);
			runOnlyForDeploymentPostprocessing = 0;
		};
		413CBF451A827FB900CC8BB8 /* Resources */ = {
			isa = PBXResourcesBuildPhase;
			buildActionMask = 2147483647;
			files = (
			);
			runOnlyForDeploymentPostprocessing = 0;
		};
/* End PBXResourcesBuildPhase section */

/* Begin PBXSourcesBuildPhase section */
		413CBF2E1A827FB900CC8BB8 /* Sources */ = {
			isa = PBXSourcesBuildPhase;
			buildActionMask = 2147483647;
			files = (
				41A358321A87522D0010DA11 /* SwiftAddressBookWrapper.swift in Sources */,
				413CBF3A1A827FB900CC8BB8 /* ViewController.swift in Sources */,
				413CBF381A827FB900CC8BB8 /* AppDelegate.swift in Sources */,
			);
			runOnlyForDeploymentPostprocessing = 0;
		};
		413CBF431A827FB900CC8BB8 /* Sources */ = {
			isa = PBXSourcesBuildPhase;
			buildActionMask = 2147483647;
			files = (
				413CBF4E1A827FBA00CC8BB8 /* contacts_tutorialTests.swift in Sources */,
			);
			runOnlyForDeploymentPostprocessing = 0;
		};
/* End PBXSourcesBuildPhase section */

/* Begin PBXTargetDependency section */
		413CBF491A827FB900CC8BB8 /* PBXTargetDependency */ = {
			isa = PBXTargetDependency;
			target = 413CBF311A827FB900CC8BB8 /* contacts_tutorial */;
			targetProxy = 413CBF481A827FB900CC8BB8 /* PBXContainerItemProxy */;
		};
/* End PBXTargetDependency section */

/* Begin PBXVariantGroup section */
		413CBF3B1A827FB900CC8BB8 /* Main.storyboard */ = {
			isa = PBXVariantGroup;
			children = (
				413CBF3C1A827FB900CC8BB8 /* Base */,
			);
			name = Main.storyboard;
			sourceTree = "<group>";
		};
		413CBF401A827FB900CC8BB8 /* LaunchScreen.xib */ = {
			isa = PBXVariantGroup;
			children = (
				413CBF411A827FB900CC8BB8 /* Base */,
			);
			name = LaunchScreen.xib;
			sourceTree = "<group>";
		};
/* End PBXVariantGroup section */

/* Begin XCBuildConfiguration section */
		413CBF4F1A827FBA00CC8BB8 /* Debug */ = {
			isa = XCBuildConfiguration;
			buildSettings = {
				ALWAYS_SEARCH_USER_PATHS = NO;
				CLANG_CXX_LANGUAGE_STANDARD = "gnu++0x";
				CLANG_CXX_LIBRARY = "libc++";
				CLANG_ENABLE_MODULES = YES;
				CLANG_ENABLE_OBJC_ARC = YES;
				CLANG_WARN_BOOL_CONVERSION = YES;
				CLANG_WARN_CONSTANT_CONVERSION = YES;
				CLANG_WARN_DIRECT_OBJC_ISA_USAGE = YES_ERROR;
				CLANG_WARN_EMPTY_BODY = YES;
				CLANG_WARN_ENUM_CONVERSION = YES;
				CLANG_WARN_INT_CONVERSION = YES;
				CLANG_WARN_OBJC_ROOT_CLASS = YES_ERROR;
				CLANG_WARN_UNREACHABLE_CODE = YES;
				CLANG_WARN__DUPLICATE_METHOD_MATCH = YES;
				"CODE_SIGN_IDENTITY[sdk=iphoneos*]" = "iPhone Developer";
				COPY_PHASE_STRIP = NO;
				ENABLE_STRICT_OBJC_MSGSEND = YES;
				GCC_C_LANGUAGE_STANDARD = gnu99;
				GCC_DYNAMIC_NO_PIC = NO;
				GCC_OPTIMIZATION_LEVEL = 0;
				GCC_PREPROCESSOR_DEFINITIONS = (
					"DEBUG=1",
					"$(inherited)",
				);
				GCC_SYMBOLS_PRIVATE_EXTERN = NO;
				GCC_WARN_64_TO_32_BIT_CONVERSION = YES;
				GCC_WARN_ABOUT_RETURN_TYPE = YES_ERROR;
				GCC_WARN_UNDECLARED_SELECTOR = YES;
				GCC_WARN_UNINITIALIZED_AUTOS = YES_AGGRESSIVE;
				GCC_WARN_UNUSED_FUNCTION = YES;
				GCC_WARN_UNUSED_VARIABLE = YES;
				IPHONEOS_DEPLOYMENT_TARGET = 8.1;
				MTL_ENABLE_DEBUG_INFO = YES;
				ONLY_ACTIVE_ARCH = YES;
				SDKROOT = iphoneos;
				SWIFT_OPTIMIZATION_LEVEL = "-Onone";
			};
			name = Debug;
		};
		413CBF501A827FBA00CC8BB8 /* Release */ = {
			isa = XCBuildConfiguration;
			buildSettings = {
				ALWAYS_SEARCH_USER_PATHS = NO;
				CLANG_CXX_LANGUAGE_STANDARD = "gnu++0x";
				CLANG_CXX_LIBRARY = "libc++";
				CLANG_ENABLE_MODULES = YES;
				CLANG_ENABLE_OBJC_ARC = YES;
				CLANG_WARN_BOOL_CONVERSION = YES;
				CLANG_WARN_CONSTANT_CONVERSION = YES;
				CLANG_WARN_DIRECT_OBJC_ISA_USAGE = YES_ERROR;
				CLANG_WARN_EMPTY_BODY = YES;
				CLANG_WARN_ENUM_CONVERSION = YES;
				CLANG_WARN_INT_CONVERSION = YES;
				CLANG_WARN_OBJC_ROOT_CLASS = YES_ERROR;
				CLANG_WARN_UNREACHABLE_CODE = YES;
				CLANG_WARN__DUPLICATE_METHOD_MATCH = YES;
				"CODE_SIGN_IDENTITY[sdk=iphoneos*]" = "iPhone Developer";
				COPY_PHASE_STRIP = YES;
				ENABLE_NS_ASSERTIONS = NO;
				ENABLE_STRICT_OBJC_MSGSEND = YES;
				GCC_C_LANGUAGE_STANDARD = gnu99;
				GCC_WARN_64_TO_32_BIT_CONVERSION = YES;
				GCC_WARN_ABOUT_RETURN_TYPE = YES_ERROR;
				GCC_WARN_UNDECLARED_SELECTOR = YES;
				GCC_WARN_UNINITIALIZED_AUTOS = YES_AGGRESSIVE;
				GCC_WARN_UNUSED_FUNCTION = YES;
				GCC_WARN_UNUSED_VARIABLE = YES;
				IPHONEOS_DEPLOYMENT_TARGET = 8.1;
				MTL_ENABLE_DEBUG_INFO = NO;
				SDKROOT = iphoneos;
				VALIDATE_PRODUCT = YES;
			};
			name = Release;
		};
		413CBF521A827FBA00CC8BB8 /* Debug */ = {
			isa = XCBuildConfiguration;
			buildSettings = {
				ASSETCATALOG_COMPILER_APPICON_NAME = AppIcon;
				INFOPLIST_FILE = contacts_tutorial/Info.plist;
				LD_RUNPATH_SEARCH_PATHS = "$(inherited) @executable_path/Frameworks";
				PRODUCT_NAME = "$(TARGET_NAME)";
			};
			name = Debug;
		};
		413CBF531A827FBA00CC8BB8 /* Release */ = {
			isa = XCBuildConfiguration;
			buildSettings = {
				ASSETCATALOG_COMPILER_APPICON_NAME = AppIcon;
				INFOPLIST_FILE = contacts_tutorial/Info.plist;
				LD_RUNPATH_SEARCH_PATHS = "$(inherited) @executable_path/Frameworks";
				PRODUCT_NAME = "$(TARGET_NAME)";
			};
			name = Release;
		};
		413CBF551A827FBA00CC8BB8 /* Debug */ = {
			isa = XCBuildConfiguration;
			buildSettings = {
				BUNDLE_LOADER = "$(TEST_HOST)";
				FRAMEWORK_SEARCH_PATHS = (
					"$(SDKROOT)/Developer/Library/Frameworks",
					"$(inherited)",
				);
				GCC_PREPROCESSOR_DEFINITIONS = (
					"DEBUG=1",
					"$(inherited)",
				);
				INFOPLIST_FILE = contacts_tutorialTests/Info.plist;
				LD_RUNPATH_SEARCH_PATHS = "$(inherited) @executable_path/Frameworks @loader_path/Frameworks";
				PRODUCT_NAME = "$(TARGET_NAME)";
				TEST_HOST = "$(BUILT_PRODUCTS_DIR)/contacts_tutorial.app/contacts_tutorial";
			};
			name = Debug;
		};
		413CBF561A827FBA00CC8BB8 /* Release */ = {
			isa = XCBuildConfiguration;
			buildSettings = {
				BUNDLE_LOADER = "$(TEST_HOST)";
				FRAMEWORK_SEARCH_PATHS = (
					"$(SDKROOT)/Developer/Library/Frameworks",
					"$(inherited)",
				);
				INFOPLIST_FILE = contacts_tutorialTests/Info.plist;
				LD_RUNPATH_SEARCH_PATHS = "$(inherited) @executable_path/Frameworks @loader_path/Frameworks";
				PRODUCT_NAME = "$(TARGET_NAME)";
				TEST_HOST = "$(BUILT_PRODUCTS_DIR)/contacts_tutorial.app/contacts_tutorial";
			};
			name = Release;
		};
/* End XCBuildConfiguration section */

/* Begin XCConfigurationList section */
		413CBF2D1A827FB900CC8BB8 /* Build configuration list for PBXProject "contacts_tutorial" */ = {
			isa = XCConfigurationList;
			buildConfigurations = (
				413CBF4F1A827FBA00CC8BB8 /* Debug */,
				413CBF501A827FBA00CC8BB8 /* Release */,
			);
			defaultConfigurationIsVisible = 0;
			defaultConfigurationName = Release;
		};
		413CBF511A827FBA00CC8BB8 /* Build configuration list for PBXNativeTarget "contacts_tutorial" */ = {
			isa = XCConfigurationList;
			buildConfigurations = (
				413CBF521A827FBA00CC8BB8 /* Debug */,
				413CBF531A827FBA00CC8BB8 /* Release */,
			);
			defaultConfigurationIsVisible = 0;
			defaultConfigurationName = Release;
		};
		413CBF541A827FBA00CC8BB8 /* Build configuration list for PBXNativeTarget "contacts_tutorialTests" */ = {
			isa = XCConfigurationList;
			buildConfigurations = (
				413CBF551A827FBA00CC8BB8 /* Debug */,
				413CBF561A827FBA00CC8BB8 /* Release */,
			);
			defaultConfigurationIsVisible = 0;
			defaultConfigurationName = Release;
		};
/* End XCConfigurationList section */
	};
	rootObject = 413CBF2A1A827FB900CC8BB8 /* Project object */;
}
